// !$*UTF8*$!
{
	archiveVersion = 1;
	classes = {
	};
	objectVersion = 50;
	objects = {

/* Begin PBXBuildFile section */
		3303F73E25A8F00D0027950E /* AppDelegate.swift in Sources */ = {isa = PBXBuildFile; fileRef = 3303F73D25A8F00D0027950E /* AppDelegate.swift */; };
		3303F74025A8F00D0027950E /* SceneDelegate.swift in Sources */ = {isa = PBXBuildFile; fileRef = 3303F73F25A8F00D0027950E /* SceneDelegate.swift */; };
		3303F74225A8F00D0027950E /* ViewController.swift in Sources */ = {isa = PBXBuildFile; fileRef = 3303F74125A8F00D0027950E /* ViewController.swift */; };
		3303F74525A8F00D0027950E /* Main.storyboard in Resources */ = {isa = PBXBuildFile; fileRef = 3303F74325A8F00D0027950E /* Main.storyboard */; };
		3303F74725A8F00E0027950E /* Assets.xcassets in Resources */ = {isa = PBXBuildFile; fileRef = 3303F74625A8F00E0027950E /* Assets.xcassets */; };
		3303F74A25A8F00E0027950E /* LaunchScreen.storyboard in Resources */ = {isa = PBXBuildFile; fileRef = 3303F74825A8F00E0027950E /* LaunchScreen.storyboard */; };
		3303F75525A8F00E0027950E /* I_Am_RichTests.swift in Sources */ = {isa = PBXBuildFile; fileRef = 3303F75425A8F00E0027950E /* I_Am_RichTests.swift */; };
		3303F76025A8F00E0027950E /* I_Am_RichUITests.swift in Sources */ = {isa = PBXBuildFile; fileRef = 3303F75F25A8F00E0027950E /* I_Am_RichUITests.swift */; };
/* End PBXBuildFile section */

/* Begin PBXContainerItemProxy section */
		3303F75125A8F00E0027950E /* PBXContainerItemProxy */ = {
			isa = PBXContainerItemProxy;
			containerPortal = 3303F73225A8F00D0027950E /* Project object */;
			proxyType = 1;
			remoteGlobalIDString = 3303F73925A8F00D0027950E;
			remoteInfo = "I Am Rich";
		};
		3303F75C25A8F00E0027950E /* PBXContainerItemProxy */ = {
			isa = PBXContainerItemProxy;
			containerPortal = 3303F73225A8F00D0027950E /* Project object */;
			proxyType = 1;
			remoteGlobalIDString = 3303F73925A8F00D0027950E;
			remoteInfo = "I Am Rich";
		};
/* End PBXContainerItemProxy section */

/* Begin PBXFileReference section */
		3303F73A25A8F00D0027950E /* I Am Rich.app */ = {isa = PBXFileReference; explicitFileType = wrapper.application; includeInIndex = 0; path = "I Am Rich.app"; sourceTree = BUILT_PRODUCTS_DIR; };
		3303F73D25A8F00D0027950E /* AppDelegate.swift */ = {isa = PBXFileReference; lastKnownFileType = sourcecode.swift; path = AppDelegate.swift; sourceTree = "<group>"; };
		3303F73F25A8F00D0027950E /* SceneDelegate.swift */ = {isa = PBXFileReference; lastKnownFileType = sourcecode.swift; path = SceneDelegate.swift; sourceTree = "<group>"; };
		3303F74125A8F00D0027950E /* ViewController.swift */ = {isa = PBXFileReference; lastKnownFileType = sourcecode.swift; path = ViewController.swift; sourceTree = "<group>"; };
		3303F74425A8F00D0027950E /* Base */ = {isa = PBXFileReference; lastKnownFileType = file.storyboard; name = Base; path = Base.lproj/Main.storyboard; sourceTree = "<group>"; };
		3303F74625A8F00E0027950E /* Assets.xcassets */ = {isa = PBXFileReference; lastKnownFileType = folder.assetcatalog; path = Assets.xcassets; sourceTree = "<group>"; };
		3303F74925A8F00E0027950E /* Base */ = {isa = PBXFileReference; lastKnownFileType = file.storyboard; name = Base; path = Base.lproj/LaunchScreen.storyboard; sourceTree = "<group>"; };
		3303F74B25A8F00E0027950E /* Info.plist */ = {isa = PBXFileReference; lastKnownFileType = text.plist.xml; path = Info.plist; sourceTree = "<group>"; };
		3303F75025A8F00E0027950E /* I Am RichTests.xctest */ = {isa = PBXFileReference; explicitFileType = wrapper.cfbundle; includeInIndex = 0; path = "I Am RichTests.xctest"; sourceTree = BUILT_PRODUCTS_DIR; };
		3303F75425A8F00E0027950E /* I_Am_RichTests.swift */ = {isa = PBXFileReference; lastKnownFileType = sourcecode.swift; path = I_Am_RichTests.swift; sourceTree = "<group>"; };
		3303F75625A8F00E0027950E /* Info.plist */ = {isa = PBXFileReference; lastKnownFileType = text.plist.xml; path = Info.plist; sourceTree = "<group>"; };
		3303F75B25A8F00E0027950E /* I Am RichUITests.xctest */ = {isa = PBXFileReference; explicitFileType = wrapper.cfbundle; includeInIndex = 0; path = "I Am RichUITests.xctest"; sourceTree = BUILT_PRODUCTS_DIR; };
		3303F75F25A8F00E0027950E /* I_Am_RichUITests.swift */ = {isa = PBXFileReference; lastKnownFileType = sourcecode.swift; path = I_Am_RichUITests.swift; sourceTree = "<group>"; };
		3303F76125A8F00E0027950E /* Info.plist */ = {isa = PBXFileReference; lastKnownFileType = text.plist.xml; path = Info.plist; sourceTree = "<group>"; };
/* End PBXFileReference section */

/* Begin PBXFrameworksBuildPhase section */
		3303F73725A8F00D0027950E /* Frameworks */ = {
			isa = PBXFrameworksBuildPhase;
			buildActionMask = 2147483647;
			files = (
			);
			runOnlyForDeploymentPostprocessing = 0;
		};
		3303F74D25A8F00E0027950E /* Frameworks */ = {
			isa = PBXFrameworksBuildPhase;
			buildActionMask = 2147483647;
			files = (
			);
			runOnlyForDeploymentPostprocessing = 0;
		};
		3303F75825A8F00E0027950E /* Frameworks */ = {
			isa = PBXFrameworksBuildPhase;
			buildActionMask = 2147483647;
			files = (
			);
			runOnlyForDeploymentPostprocessing = 0;
		};
/* End PBXFrameworksBuildPhase section */

/* Begin PBXGroup section */
		3303F73125A8F00D0027950E = {
			isa = PBXGroup;
			children = (
				3303F73C25A8F00D0027950E /* I Am Rich */,
				3303F75325A8F00E0027950E /* I Am RichTests */,
				3303F75E25A8F00E0027950E /* I Am RichUITests */,
				3303F73B25A8F00D0027950E /* Products */,
			);
			sourceTree = "<group>";
		};
		3303F73B25A8F00D0027950E /* Products */ = {
			isa = PBXGroup;
			children = (
				3303F73A25A8F00D0027950E /* I Am Rich.app */,
				3303F75025A8F00E0027950E /* I Am RichTests.xctest */,
				3303F75B25A8F00E0027950E /* I Am RichUITests.xctest */,
			);
			name = Products;
			sourceTree = "<group>";
		};
		3303F73C25A8F00D0027950E /* I Am Rich */ = {
			isa = PBXGroup;
			children = (
				3303F73D25A8F00D0027950E /* AppDelegate.swift */,
				3303F73F25A8F00D0027950E /* SceneDelegate.swift */,
				3303F74125A8F00D0027950E /* ViewController.swift */,
				3303F74325A8F00D0027950E /* Main.storyboard */,
				3303F74625A8F00E0027950E /* Assets.xcassets */,
				3303F74825A8F00E0027950E /* LaunchScreen.storyboard */,
				3303F74B25A8F00E0027950E /* Info.plist */,
			);
			path = "I Am Rich";
			sourceTree = "<group>";
		};
		3303F75325A8F00E0027950E /* I Am RichTests */ = {
			isa = PBXGroup;
			children = (
				3303F75425A8F00E0027950E /* I_Am_RichTests.swift */,
				3303F75625A8F00E0027950E /* Info.plist */,
			);
			path = "I Am RichTests";
			sourceTree = "<group>";
		};
		3303F75E25A8F00E0027950E /* I Am RichUITests */ = {
			isa = PBXGroup;
			children = (
				3303F75F25A8F00E0027950E /* I_Am_RichUITests.swift */,
				3303F76125A8F00E0027950E /* Info.plist */,
			);
			path = "I Am RichUITests";
			sourceTree = "<group>";
		};
/* End PBXGroup section */

/* Begin PBXNativeTarget section */
		3303F73925A8F00D0027950E /* I Am Rich */ = {
			isa = PBXNativeTarget;
			buildConfigurationList = 3303F76425A8F00E0027950E /* Build configuration list for PBXNativeTarget "I Am Rich" */;
			buildPhases = (
				3303F73625A8F00D0027950E /* Sources */,
				3303F73725A8F00D0027950E /* Frameworks */,
				3303F73825A8F00D0027950E /* Resources */,
			);
			buildRules = (
			);
			dependencies = (
			);
			name = "I Am Rich";
			productName = "I Am Rich";
			productReference = 3303F73A25A8F00D0027950E /* I Am Rich.app */;
			productType = "com.apple.product-type.application";
		};
		3303F74F25A8F00E0027950E /* I Am RichTests */ = {
			isa = PBXNativeTarget;
			buildConfigurationList = 3303F76725A8F00E0027950E /* Build configuration list for PBXNativeTarget "I Am RichTests" */;
			buildPhases = (
				3303F74C25A8F00E0027950E /* Sources */,
				3303F74D25A8F00E0027950E /* Frameworks */,
				3303F74E25A8F00E0027950E /* Resources */,
			);
			buildRules = (
			);
			dependencies = (
				3303F75225A8F00E0027950E /* PBXTargetDependency */,
			);
			name = "I Am RichTests";
			productName = "I Am RichTests";
			productReference = 3303F75025A8F00E0027950E /* I Am RichTests.xctest */;
			productType = "com.apple.product-type.bundle.unit-test";
		};
		3303F75A25A8F00E0027950E /* I Am RichUITests */ = {
			isa = PBXNativeTarget;
			buildConfigurationList = 3303F76A25A8F00E0027950E /* Build configuration list for PBXNativeTarget "I Am RichUITests" */;
			buildPhases = (
				3303F75725A8F00E0027950E /* Sources */,
				3303F75825A8F00E0027950E /* Frameworks */,
				3303F75925A8F00E0027950E /* Resources */,
			);
			buildRules = (
			);
			dependencies = (
				3303F75D25A8F00E0027950E /* PBXTargetDependency */,
			);
			name = "I Am RichUITests";
			productName = "I Am RichUITests";
			productReference = 3303F75B25A8F00E0027950E /* I Am RichUITests.xctest */;
			productType = "com.apple.product-type.bundle.ui-testing";
		};
/* End PBXNativeTarget section */

/* Begin PBXProject section */
		3303F73225A8F00D0027950E /* Project object */ = {
			isa = PBXProject;
			attributes = {
				LastSwiftUpdateCheck = 1230;
				LastUpgradeCheck = 1230;
				TargetAttributes = {
					3303F73925A8F00D0027950E = {
						CreatedOnToolsVersion = 12.3;
					};
					3303F74F25A8F00E0027950E = {
						CreatedOnToolsVersion = 12.3;
						TestTargetID = 3303F73925A8F00D0027950E;
					};
					3303F75A25A8F00E0027950E = {
						CreatedOnToolsVersion = 12.3;
						TestTargetID = 3303F73925A8F00D0027950E;
					};
				};
			};
			buildConfigurationList = 3303F73525A8F00D0027950E /* Build configuration list for PBXProject "I Am Rich" */;
			compatibilityVersion = "Xcode 9.3";
			developmentRegion = en;
			hasScannedForEncodings = 0;
			knownRegions = (
				en,
				Base,
			);
			mainGroup = 3303F73125A8F00D0027950E;
			productRefGroup = 3303F73B25A8F00D0027950E /* Products */;
			projectDirPath = "";
			projectRoot = "";
			targets = (
				3303F73925A8F00D0027950E /* I Am Rich */,
				3303F74F25A8F00E0027950E /* I Am RichTests */,
				3303F75A25A8F00E0027950E /* I Am RichUITests */,
			);
		};
/* End PBXProject section */

/* Begin PBXResourcesBuildPhase section */
		3303F73825A8F00D0027950E /* Resources */ = {
			isa = PBXResourcesBuildPhase;
			buildActionMask = 2147483647;
			files = (
				3303F74A25A8F00E0027950E /* LaunchScreen.storyboard in Resources */,
				3303F74725A8F00E0027950E /* Assets.xcassets in Resources */,
				3303F74525A8F00D0027950E /* Main.storyboard in Resources */,
			);
			runOnlyForDeploymentPostprocessing = 0;
		};
		3303F74E25A8F00E0027950E /* Resources */ = {
			isa = PBXResourcesBuildPhase;
			buildActionMask = 2147483647;
			files = (
			);
			runOnlyForDeploymentPostprocessing = 0;
		};
		3303F75925A8F00E0027950E /* Resources */ = {
			isa = PBXResourcesBuildPhase;
			buildActionMask = 2147483647;
			files = (
			);
			runOnlyForDeploymentPostprocessing = 0;
		};
/* End PBXResourcesBuildPhase section */

/* Begin PBXSourcesBuildPhase section */
		3303F73625A8F00D0027950E /* Sources */ = {
			isa = PBXSourcesBuildPhase;
			buildActionMask = 2147483647;
			files = (
				3303F74225A8F00D0027950E /* ViewController.swift in Sources */,
				3303F73E25A8F00D0027950E /* AppDelegate.swift in Sources */,
				3303F74025A8F00D0027950E /* SceneDelegate.swift in Sources */,
			);
			runOnlyForDeploymentPostprocessing = 0;
		};
		3303F74C25A8F00E0027950E /* Sources */ = {
			isa = PBXSourcesBuildPhase;
			buildActionMask = 2147483647;
			files = (
				3303F75525A8F00E0027950E /* I_Am_RichTests.swift in Sources */,
			);
			runOnlyForDeploymentPostprocessing = 0;
		};
		3303F75725A8F00E0027950E /* Sources */ = {
			isa = PBXSourcesBuildPhase;
			buildActionMask = 2147483647;
			files = (
				3303F76025A8F00E0027950E /* I_Am_RichUITests.swift in Sources */,
			);
			runOnlyForDeploymentPostprocessing = 0;
		};
/* End PBXSourcesBuildPhase section */

/* Begin PBXTargetDependency section */
		3303F75225A8F00E0027950E /* PBXTargetDependency */ = {
			isa = PBXTargetDependency;
			target = 3303F73925A8F00D0027950E /* I Am Rich */;
			targetProxy = 3303F75125A8F00E0027950E /* PBXContainerItemProxy */;
		};
		3303F75D25A8F00E0027950E /* PBXTargetDependency */ = {
			isa = PBXTargetDependency;
			target = 3303F73925A8F00D0027950E /* I Am Rich */;
			targetProxy = 3303F75C25A8F00E0027950E /* PBXContainerItemProxy */;
		};
/* End PBXTargetDependency section */

/* Begin PBXVariantGroup section */
		3303F74325A8F00D0027950E /* Main.storyboard */ = {
			isa = PBXVariantGroup;
			children = (
				3303F74425A8F00D0027950E /* Base */,
			);
			name = Main.storyboard;
			sourceTree = "<group>";
		};
		3303F74825A8F00E0027950E /* LaunchScreen.storyboard */ = {
			isa = PBXVariantGroup;
			children = (
				3303F74925A8F00E0027950E /* Base */,
			);
			name = LaunchScreen.storyboard;
			sourceTree = "<group>";
		};
/* End PBXVariantGroup section */

/* Begin XCBuildConfiguration section */
		3303F76225A8F00E0027950E /* Debug */ = {
			isa = XCBuildConfiguration;
			buildSettings = {
				ALWAYS_SEARCH_USER_PATHS = NO;
				CLANG_ANALYZER_NONNULL = YES;
				CLANG_ANALYZER_NUMBER_OBJECT_CONVERSION = YES_AGGRESSIVE;
				CLANG_CXX_LANGUAGE_STANDARD = "gnu++14";
				CLANG_CXX_LIBRARY = "libc++";
				CLANG_ENABLE_MODULES = YES;
				CLANG_ENABLE_OBJC_ARC = YES;
				CLANG_ENABLE_OBJC_WEAK = YES;
				CLANG_WARN_BLOCK_CAPTURE_AUTORELEASING = YES;
				CLANG_WARN_BOOL_CONVERSION = YES;
				CLANG_WARN_COMMA = YES;
				CLANG_WARN_CONSTANT_CONVERSION = YES;
				CLANG_WARN_DEPRECATED_OBJC_IMPLEMENTATIONS = YES;
				CLANG_WARN_DIRECT_OBJC_ISA_USAGE = YES_ERROR;
				CLANG_WARN_DOCUMENTATION_COMMENTS = YES;
				CLANG_WARN_EMPTY_BODY = YES;
				CLANG_WARN_ENUM_CONVERSION = YES;
				CLANG_WARN_INFINITE_RECURSION = YES;
				CLANG_WARN_INT_CONVERSION = YES;
				CLANG_WARN_NON_LITERAL_NULL_CONVERSION = YES;
				CLANG_WARN_OBJC_IMPLICIT_RETAIN_SELF = YES;
				CLANG_WARN_OBJC_LITERAL_CONVERSION = YES;
				CLANG_WARN_OBJC_ROOT_CLASS = YES_ERROR;
				CLANG_WARN_QUOTED_INCLUDE_IN_FRAMEWORK_HEADER = YES;
				CLANG_WARN_RANGE_LOOP_ANALYSIS = YES;
				CLANG_WARN_STRICT_PROTOTYPES = YES;
				CLANG_WARN_SUSPICIOUS_MOVE = YES;
				CLANG_WARN_UNGUARDED_AVAILABILITY = YES_AGGRESSIVE;
				CLANG_WARN_UNREACHABLE_CODE = YES;
				CLANG_WARN__DUPLICATE_METHOD_MATCH = YES;
				COPY_PHASE_STRIP = NO;
				DEBUG_INFORMATION_FORMAT = dwarf;
				ENABLE_STRICT_OBJC_MSGSEND = YES;
				ENABLE_TESTABILITY = YES;
				GCC_C_LANGUAGE_STANDARD = gnu11;
				GCC_DYNAMIC_NO_PIC = NO;
				GCC_NO_COMMON_BLOCKS = YES;
				GCC_OPTIMIZATION_LEVEL = 0;
				GCC_PREPROCESSOR_DEFINITIONS = (
					"DEBUG=1",
					"$(inherited)",
				);
				GCC_WARN_64_TO_32_BIT_CONVERSION = YES;
				GCC_WARN_ABOUT_RETURN_TYPE = YES_ERROR;
				GCC_WARN_UNDECLARED_SELECTOR = YES;
				GCC_WARN_UNINITIALIZED_AUTOS = YES_AGGRESSIVE;
				GCC_WARN_UNUSED_FUNCTION = YES;
				GCC_WARN_UNUSED_VARIABLE = YES;
				IPHONEOS_DEPLOYMENT_TARGET = 14.3;
				MTL_ENABLE_DEBUG_INFO = INCLUDE_SOURCE;
				MTL_FAST_MATH = YES;
				ONLY_ACTIVE_ARCH = YES;
				SDKROOT = iphoneos;
				SWIFT_ACTIVE_COMPILATION_CONDITIONS = DEBUG;
				SWIFT_OPTIMIZATION_LEVEL = "-Onone";
			};
			name = Debug;
		};
		3303F76325A8F00E0027950E /* Release */ = {
			isa = XCBuildConfiguration;
			buildSettings = {
				ALWAYS_SEARCH_USER_PATHS = NO;
				CLANG_ANALYZER_NONNULL = YES;
				CLANG_ANALYZER_NUMBER_OBJECT_CONVERSION = YES_AGGRESSIVE;
				CLANG_CXX_LANGUAGE_STANDARD = "gnu++14";
				CLANG_CXX_LIBRARY = "libc++";
				CLANG_ENABLE_MODULES = YES;
				CLANG_ENABLE_OBJC_ARC = YES;
				CLANG_ENABLE_OBJC_WEAK = YES;
				CLANG_WARN_BLOCK_CAPTURE_AUTORELEASING = YES;
				CLANG_WARN_BOOL_CONVERSION = YES;
				CLANG_WARN_COMMA = YES;
				CLANG_WARN_CONSTANT_CONVERSION = YES;
				CLANG_WARN_DEPRECATED_OBJC_IMPLEMENTATIONS = YES;
				CLANG_WARN_DIRECT_OBJC_ISA_USAGE = YES_ERROR;
				CLANG_WARN_DOCUMENTATION_COMMENTS = YES;
				CLANG_WARN_EMPTY_BODY = YES;
				CLANG_WARN_ENUM_CONVERSION = YES;
				CLANG_WARN_INFINITE_RECURSION = YES;
				CLANG_WARN_INT_CONVERSION = YES;
				CLANG_WARN_NON_LITERAL_NULL_CONVERSION = YES;
				CLANG_WARN_OBJC_IMPLICIT_RETAIN_SELF = YES;
				CLANG_WARN_OBJC_LITERAL_CONVERSION = YES;
				CLANG_WARN_OBJC_ROOT_CLASS = YES_ERROR;
				CLANG_WARN_QUOTED_INCLUDE_IN_FRAMEWORK_HEADER = YES;
				CLANG_WARN_RANGE_LOOP_ANALYSIS = YES;
				CLANG_WARN_STRICT_PROTOTYPES = YES;
				CLANG_WARN_SUSPICIOUS_MOVE = YES;
				CLANG_WARN_UNGUARDED_AVAILABILITY = YES_AGGRESSIVE;
				CLANG_WARN_UNREACHABLE_CODE = YES;
				CLANG_WARN__DUPLICATE_METHOD_MATCH = YES;
				COPY_PHASE_STRIP = NO;
				DEBUG_INFORMATION_FORMAT = "dwarf-with-dsym";
				ENABLE_NS_ASSERTIONS = NO;
				ENABLE_STRICT_OBJC_MSGSEND = YES;
				GCC_C_LANGUAGE_STANDARD = gnu11;
				GCC_NO_COMMON_BLOCKS = YES;
				GCC_WARN_64_TO_32_BIT_CONVERSION = YES;
				GCC_WARN_ABOUT_RETURN_TYPE = YES_ERROR;
				GCC_WARN_UNDECLARED_SELECTOR = YES;
				GCC_WARN_UNINITIALIZED_AUTOS = YES_AGGRESSIVE;
				GCC_WARN_UNUSED_FUNCTION = YES;
				GCC_WARN_UNUSED_VARIABLE = YES;
				IPHONEOS_DEPLOYMENT_TARGET = 14.3;
				MTL_ENABLE_DEBUG_INFO = NO;
				MTL_FAST_MATH = YES;
				SDKROOT = iphoneos;
				SWIFT_COMPILATION_MODE = wholemodule;
				SWIFT_OPTIMIZATION_LEVEL = "-O";
				VALIDATE_PRODUCT = YES;
			};
			name = Release;
		};
		3303F76525A8F00E0027950E /* Debug */ = {
			isa = XCBuildConfiguration;
			buildSettings = {
				ASSETCATALOG_COMPILER_APPICON_NAME = AppIcon;
				ASSETCATALOG_COMPILER_GLOBAL_ACCENT_COLOR_NAME = AccentColor;
				CODE_SIGN_STYLE = Automatic;
				DEVELOPMENT_TEAM = 84BH5Z6YGR;
				INFOPLIST_FILE = "I Am Rich/Info.plist";
				LD_RUNPATH_SEARCH_PATHS = (
					"$(inherited)",
					"@executable_path/Frameworks",
				);
				PRODUCT_BUNDLE_IDENTIFIER = "kevintroko.I-Am-Rich";
				PRODUCT_NAME = "$(TARGET_NAME)";
				SWIFT_VERSION = 5.0;
				TARGETED_DEVICE_FAMILY = "1,2";
			};
			name = Debug;
		};
		3303F76625A8F00E0027950E /* Release */ = {
			isa = XCBuildConfiguration;
			buildSettings = {
				ASSETCATALOG_COMPILER_APPICON_NAME = AppIcon;
				ASSETCATALOG_COMPILER_GLOBAL_ACCENT_COLOR_NAME = AccentColor;
				CODE_SIGN_STYLE = Automatic;
				DEVELOPMENT_TEAM = 84BH5Z6YGR;
				INFOPLIST_FILE = "I Am Rich/Info.plist";
				LD_RUNPATH_SEARCH_PATHS = (
					"$(inherited)",
					"@executable_path/Frameworks",
				);
				PRODUCT_BUNDLE_IDENTIFIER = "kevintroko.I-Am-Rich";
				PRODUCT_NAME = "$(TARGET_NAME)";
				SWIFT_VERSION = 5.0;
				TARGETED_DEVICE_FAMILY = "1,2";
			};
			name = Release;
		};
		3303F76825A8F00E0027950E /* Debug */ = {
			isa = XCBuildConfiguration;
			buildSettings = {
				ALWAYS_EMBED_SWIFT_STANDARD_LIBRARIES = YES;
				BUNDLE_LOADER = "$(TEST_HOST)";
				CODE_SIGN_STYLE = Automatic;
				DEVELOPMENT_TEAM = 84BH5Z6YGR;
				INFOPLIST_FILE = "I Am RichTests/Info.plist";
				IPHONEOS_DEPLOYMENT_TARGET = 14.3;
				LD_RUNPATH_SEARCH_PATHS = (
					"$(inherited)",
					"@executable_path/Frameworks",
					"@loader_path/Frameworks",
				);
				PRODUCT_BUNDLE_IDENTIFIER = "kevintroko.I-Am-RichTests";
				PRODUCT_NAME = "$(TARGET_NAME)";
				SWIFT_VERSION = 5.0;
				TARGETED_DEVICE_FAMILY = "1,2";
				TEST_HOST = "$(BUILT_PRODUCTS_DIR)/I Am Rich.app/I Am Rich";
			};
			name = Debug;
		};
		3303F76925A8F00E0027950E /* Release */ = {
			isa = XCBuildConfiguration;
			buildSettings = {
				ALWAYS_EMBED_SWIFT_STANDARD_LIBRARIES = YES;
				BUNDLE_LOADER = "$(TEST_HOST)";
				CODE_SIGN_STYLE = Automatic;
				DEVELOPMENT_TEAM = 84BH5Z6YGR;
				INFOPLIST_FILE = "I Am RichTests/Info.plist";
				IPHONEOS_DEPLOYMENT_TARGET = 14.3;
				LD_RUNPATH_SEARCH_PATHS = (
					"$(inherited)",
					"@executable_path/Frameworks",
					"@loader_path/Frameworks",
				);
				PRODUCT_BUNDLE_IDENTIFIER = "kevintroko.I-Am-RichTests";
				PRODUCT_NAME = "$(TARGET_NAME)";
				SWIFT_VERSION = 5.0;
				TARGETED_DEVICE_FAMILY = "1,2";
				TEST_HOST = "$(BUILT_PRODUCTS_DIR)/I Am Rich.app/I Am Rich";
			};
			name = Release;
		};
		3303F76B25A8F00E0027950E /* Debug */ = {
			isa = XCBuildConfiguration;
			buildSettings = {
				ALWAYS_EMBED_SWIFT_STANDARD_LIBRARIES = YES;
				CODE_SIGN_STYLE = Automatic;
				DEVELOPMENT_TEAM = 84BH5Z6YGR;
				INFOPLIST_FILE = "I Am RichUITests/Info.plist";
				LD_RUNPATH_SEARCH_PATHS = (
					"$(inherited)",
					"@executable_path/Frameworks",
					"@loader_path/Frameworks",
				);
				PRODUCT_BUNDLE_IDENTIFIER = "kevintroko.I-Am-RichUITests";
				PRODUCT_NAME = "$(TARGET_NAME)";
				SWIFT_VERSION = 5.0;
				TARGETED_DEVICE_FAMILY = "1,2";
				TEST_TARGET_NAME = "I Am Rich";
			};
			name = Debug;
		};
		3303F76C25A8F00E0027950E /* Release */ = {
			isa = XCBuildConfiguration;
			buildSettings = {
				ALWAYS_EMBED_SWIFT_STANDARD_LIBRARIES = YES;
				CODE_SIGN_STYLE = Automatic;
				DEVELOPMENT_TEAM = 84BH5Z6YGR;
				INFOPLIST_FILE = "I Am RichUITests/Info.plist";
				LD_RUNPATH_SEARCH_PATHS = (
					"$(inherited)",
					"@executable_path/Frameworks",
					"@loader_path/Frameworks",
				);
				PRODUCT_BUNDLE_IDENTIFIER = "kevintroko.I-Am-RichUITests";
				PRODUCT_NAME = "$(TARGET_NAME)";
				SWIFT_VERSION = 5.0;
				TARGETED_DEVICE_FAMILY = "1,2";
				TEST_TARGET_NAME = "I Am Rich";
			};
			name = Release;
		};
/* End XCBuildConfiguration section */

/* Begin XCConfigurationList section */
		3303F73525A8F00D0027950E /* Build configuration list for PBXProject "I Am Rich" */ = {
			isa = XCConfigurationList;
			buildConfigurations = (
				3303F76225A8F00E0027950E /* Debug */,
				3303F76325A8F00E0027950E /* Release */,
			);
			defaultConfigurationIsVisible = 0;
			defaultConfigurationName = Release;
		};
		3303F76425A8F00E0027950E /* Build configuration list for PBXNativeTarget "I Am Rich" */ = {
			isa = XCConfigurationList;
			buildConfigurations = (
				3303F76525A8F00E0027950E /* Debug */,
				3303F76625A8F00E0027950E /* Release */,
			);
			defaultConfigurationIsVisible = 0;
			defaultConfigurationName = Release;
		};
		3303F76725A8F00E0027950E /* Build configuration list for PBXNativeTarget "I Am RichTests" */ = {
			isa = XCConfigurationList;
			buildConfigurations = (
				3303F76825A8F00E0027950E /* Debug */,
				3303F76925A8F00E0027950E /* Release */,
			);
			defaultConfigurationIsVisible = 0;
			defaultConfigurationName = Release;
		};
		3303F76A25A8F00E0027950E /* Build configuration list for PBXNativeTarget "I Am RichUITests" */ = {
			isa = XCConfigurationList;
			buildConfigurations = (
				3303F76B25A8F00E0027950E /* Debug */,
				3303F76C25A8F00E0027950E /* Release */,
			);
			defaultConfigurationIsVisible = 0;
			defaultConfigurationName = Release;
		};
/* End XCConfigurationList section */
	};
	rootObject = 3303F73225A8F00D0027950E /* Project object */;
}
